// !$*UTF8*$!
{
	archiveVersion = 1;
	classes = {
	};
	objectVersion = 46;
	objects = {

/* Begin PBXBuildFile section */
		8A372FB218138AFF0004F854 /* Foundation.framework in Frameworks */ = {isa = PBXBuildFile; fileRef = 8A372FB118138AFF0004F854 /* Foundation.framework */; };
		8A372FB418138AFF0004F854 /* CoreGraphics.framework in Frameworks */ = {isa = PBXBuildFile; fileRef = 8A372FB318138AFF0004F854 /* CoreGraphics.framework */; };
		8A372FB618138AFF0004F854 /* UIKit.framework in Frameworks */ = {isa = PBXBuildFile; fileRef = 8A372FB518138AFF0004F854 /* UIKit.framework */; };
		8A372FBC18138AFF0004F854 /* InfoPlist.strings in Resources */ = {isa = PBXBuildFile; fileRef = 8A372FBA18138AFF0004F854 /* InfoPlist.strings */; };
		8A372FBE18138AFF0004F854 /* main.m in Sources */ = {isa = PBXBuildFile; fileRef = 8A372FBD18138AFF0004F854 /* main.m */; };
		8A372FC218138AFF0004F854 /* AppDelegate.m in Sources */ = {isa = PBXBuildFile; fileRef = 8A372FC118138AFF0004F854 /* AppDelegate.m */; };
		8A372FC518138AFF0004F854 /* Main.storyboard in Resources */ = {isa = PBXBuildFile; fileRef = 8A372FC318138AFF0004F854 /* Main.storyboard */; };
		8A372FC818138AFF0004F854 /* ViewController.m in Sources */ = {isa = PBXBuildFile; fileRef = 8A372FC718138AFF0004F854 /* ViewController.m */; };
		8A372FCA18138AFF0004F854 /* Images.xcassets in Resources */ = {isa = PBXBuildFile; fileRef = 8A372FC918138AFF0004F854 /* Images.xcassets */; };
		8A372FD118138AFF0004F854 /* XCTest.framework in Frameworks */ = {isa = PBXBuildFile; fileRef = 8A372FD018138AFF0004F854 /* XCTest.framework */; };
		8A372FD218138AFF0004F854 /* Foundation.framework in Frameworks */ = {isa = PBXBuildFile; fileRef = 8A372FB118138AFF0004F854 /* Foundation.framework */; };
		8A372FD318138AFF0004F854 /* UIKit.framework in Frameworks */ = {isa = PBXBuildFile; fileRef = 8A372FB518138AFF0004F854 /* UIKit.framework */; };
		8A372FDB18138AFF0004F854 /* InfoPlist.strings in Resources */ = {isa = PBXBuildFile; fileRef = 8A372FD918138AFF0004F854 /* InfoPlist.strings */; };
		8A372FDD18138AFF0004F854 /* SocialAPIHelpersDemoTests.m in Sources */ = {isa = PBXBuildFile; fileRef = 8A372FDC18138AFF0004F854 /* SocialAPIHelpersDemoTests.m */; };
		8A372FEB18138B2D0004F854 /* TTMFacebookAPIHelper.m in Sources */ = {isa = PBXBuildFile; fileRef = 8A372FE818138B2D0004F854 /* TTMFacebookAPIHelper.m */; };
		8A372FEC18138B2D0004F854 /* TTMTwitterAPIHelper.m in Sources */ = {isa = PBXBuildFile; fileRef = 8A372FEA18138B2D0004F854 /* TTMTwitterAPIHelper.m */; };
		8A372FEF18138B7D0004F854 /* TTMAccountHelper.m in Sources */ = {isa = PBXBuildFile; fileRef = 8A372FEE18138B7D0004F854 /* TTMAccountHelper.m */; };
		8A372FF21813A4DD0004F854 /* TTMSocialHelper.m in Sources */ = {isa = PBXBuildFile; fileRef = 8A372FF11813A4DD0004F854 /* TTMSocialHelper.m */; };
		8A516CEE1A7259830032085A /* SLRequest+TTMExtensions.m in Sources */ = {isa = PBXBuildFile; fileRef = 8A516CED1A7259830032085A /* SLRequest+TTMExtensions.m */; };
		8A516CF61A725D3A0032085A /* SVIndefiniteAnimatedView.m in Sources */ = {isa = PBXBuildFile; fileRef = 8A516CF11A725D3A0032085A /* SVIndefiniteAnimatedView.m */; };
		8A516CF71A725D3A0032085A /* SVProgressHUD.bundle in Resources */ = {isa = PBXBuildFile; fileRef = 8A516CF31A725D3A0032085A /* SVProgressHUD.bundle */; };
		8A516CF81A725D3A0032085A /* SVProgressHUD.m in Sources */ = {isa = PBXBuildFile; fileRef = 8A516CF51A725D3A0032085A /* SVProgressHUD.m */; };
		8AACABD5188F6825002B0336 /* NSString+URL.m in Sources */ = {isa = PBXBuildFile; fileRef = 8AACABD3188F6825002B0336 /* NSString+URL.m */; };
/* End PBXBuildFile section */

/* Begin PBXContainerItemProxy section */
		8A372FD418138AFF0004F854 /* PBXContainerItemProxy */ = {
			isa = PBXContainerItemProxy;
			containerPortal = 8A372FA618138AFF0004F854 /* Project object */;
			proxyType = 1;
			remoteGlobalIDString = 8A372FAD18138AFF0004F854;
			remoteInfo = SocialAPIHelpersDemo;
		};
/* End PBXContainerItemProxy section */

/* Begin PBXFileReference section */
		8A372FAE18138AFF0004F854 /* SocialAPIHelpersDemo.app */ = {isa = PBXFileReference; explicitFileType = wrapper.application; includeInIndex = 0; path = SocialAPIHelpersDemo.app; sourceTree = BUILT_PRODUCTS_DIR; };
		8A372FB118138AFF0004F854 /* Foundation.framework */ = {isa = PBXFileReference; lastKnownFileType = wrapper.framework; name = Foundation.framework; path = System/Library/Frameworks/Foundation.framework; sourceTree = SDKROOT; };
		8A372FB318138AFF0004F854 /* CoreGraphics.framework */ = {isa = PBXFileReference; lastKnownFileType = wrapper.framework; name = CoreGraphics.framework; path = System/Library/Frameworks/CoreGraphics.framework; sourceTree = SDKROOT; };
		8A372FB518138AFF0004F854 /* UIKit.framework */ = {isa = PBXFileReference; lastKnownFileType = wrapper.framework; name = UIKit.framework; path = System/Library/Frameworks/UIKit.framework; sourceTree = SDKROOT; };
		8A372FB918138AFF0004F854 /* SocialAPIHelpersDemo-Info.plist */ = {isa = PBXFileReference; lastKnownFileType = text.plist.xml; path = "SocialAPIHelpersDemo-Info.plist"; sourceTree = "<group>"; };
		8A372FBB18138AFF0004F854 /* en */ = {isa = PBXFileReference; lastKnownFileType = text.plist.strings; name = en; path = en.lproj/InfoPlist.strings; sourceTree = "<group>"; };
		8A372FBD18138AFF0004F854 /* main.m */ = {isa = PBXFileReference; lastKnownFileType = sourcecode.c.objc; path = main.m; sourceTree = "<group>"; };
		8A372FBF18138AFF0004F854 /* SocialAPIHelpersDemo-Prefix.pch */ = {isa = PBXFileReference; lastKnownFileType = sourcecode.c.h; path = "SocialAPIHelpersDemo-Prefix.pch"; sourceTree = "<group>"; };
		8A372FC018138AFF0004F854 /* AppDelegate.h */ = {isa = PBXFileReference; lastKnownFileType = sourcecode.c.h; path = AppDelegate.h; sourceTree = "<group>"; };
		8A372FC118138AFF0004F854 /* AppDelegate.m */ = {isa = PBXFileReference; lastKnownFileType = sourcecode.c.objc; path = AppDelegate.m; sourceTree = "<group>"; };
		8A372FC418138AFF0004F854 /* Base */ = {isa = PBXFileReference; lastKnownFileType = file.storyboard; name = Base; path = Base.lproj/Main.storyboard; sourceTree = "<group>"; };
		8A372FC618138AFF0004F854 /* ViewController.h */ = {isa = PBXFileReference; lastKnownFileType = sourcecode.c.h; path = ViewController.h; sourceTree = "<group>"; };
		8A372FC718138AFF0004F854 /* ViewController.m */ = {isa = PBXFileReference; lastKnownFileType = sourcecode.c.objc; path = ViewController.m; sourceTree = "<group>"; };
		8A372FC918138AFF0004F854 /* Images.xcassets */ = {isa = PBXFileReference; lastKnownFileType = folder.assetcatalog; path = Images.xcassets; sourceTree = "<group>"; };
		8A372FCF18138AFF0004F854 /* SocialAPIHelpersDemoTests.xctest */ = {isa = PBXFileReference; explicitFileType = wrapper.cfbundle; includeInIndex = 0; path = SocialAPIHelpersDemoTests.xctest; sourceTree = BUILT_PRODUCTS_DIR; };
		8A372FD018138AFF0004F854 /* XCTest.framework */ = {isa = PBXFileReference; lastKnownFileType = wrapper.framework; name = XCTest.framework; path = Library/Frameworks/XCTest.framework; sourceTree = DEVELOPER_DIR; };
		8A372FD818138AFF0004F854 /* SocialAPIHelpersDemoTests-Info.plist */ = {isa = PBXFileReference; lastKnownFileType = text.plist.xml; path = "SocialAPIHelpersDemoTests-Info.plist"; sourceTree = "<group>"; };
		8A372FDA18138AFF0004F854 /* en */ = {isa = PBXFileReference; lastKnownFileType = text.plist.strings; name = en; path = en.lproj/InfoPlist.strings; sourceTree = "<group>"; };
		8A372FDC18138AFF0004F854 /* SocialAPIHelpersDemoTests.m */ = {isa = PBXFileReference; lastKnownFileType = sourcecode.c.objc; path = SocialAPIHelpersDemoTests.m; sourceTree = "<group>"; };
		8A372FE718138B2D0004F854 /* TTMFacebookAPIHelper.h */ = {isa = PBXFileReference; fileEncoding = 4; lastKnownFileType = sourcecode.c.h; path = TTMFacebookAPIHelper.h; sourceTree = "<group>"; };
		8A372FE818138B2D0004F854 /* TTMFacebookAPIHelper.m */ = {isa = PBXFileReference; fileEncoding = 4; lastKnownFileType = sourcecode.c.objc; path = TTMFacebookAPIHelper.m; sourceTree = "<group>"; };
		8A372FE918138B2D0004F854 /* TTMTwitterAPIHelper.h */ = {isa = PBXFileReference; fileEncoding = 4; lastKnownFileType = sourcecode.c.h; path = TTMTwitterAPIHelper.h; sourceTree = "<group>"; };
		8A372FEA18138B2D0004F854 /* TTMTwitterAPIHelper.m */ = {isa = PBXFileReference; fileEncoding = 4; lastKnownFileType = sourcecode.c.objc; path = TTMTwitterAPIHelper.m; sourceTree = "<group>"; };
		8A372FED18138B7D0004F854 /* TTMAccountHelper.h */ = {isa = PBXFileReference; fileEncoding = 4; lastKnownFileType = sourcecode.c.h; path = TTMAccountHelper.h; sourceTree = "<group>"; };
		8A372FEE18138B7D0004F854 /* TTMAccountHelper.m */ = {isa = PBXFileReference; fileEncoding = 4; lastKnownFileType = sourcecode.c.objc; path = TTMAccountHelper.m; sourceTree = "<group>"; };
		8A372FF01813A4DD0004F854 /* TTMSocialHelper.h */ = {isa = PBXFileReference; fileEncoding = 4; lastKnownFileType = sourcecode.c.h; path = TTMSocialHelper.h; sourceTree = "<group>"; };
		8A372FF11813A4DD0004F854 /* TTMSocialHelper.m */ = {isa = PBXFileReference; fileEncoding = 4; lastKnownFileType = sourcecode.c.objc; path = TTMSocialHelper.m; sourceTree = "<group>"; };
		8A516CEC1A7259830032085A /* SLRequest+TTMExtensions.h */ = {isa = PBXFileReference; fileEncoding = 4; lastKnownFileType = sourcecode.c.h; path = "SLRequest+TTMExtensions.h"; sourceTree = "<group>"; };
		8A516CED1A7259830032085A /* SLRequest+TTMExtensions.m */ = {isa = PBXFileReference; fileEncoding = 4; lastKnownFileType = sourcecode.c.objc; path = "SLRequest+TTMExtensions.m"; sourceTree = "<group>"; };
		8A516CF01A725D3A0032085A /* SVIndefiniteAnimatedView.h */ = {isa = PBXFileReference; fileEncoding = 4; lastKnownFileType = sourcecode.c.h; path = SVIndefiniteAnimatedView.h; sourceTree = "<group>"; };
		8A516CF11A725D3A0032085A /* SVIndefiniteAnimatedView.m */ = {isa = PBXFileReference; fileEncoding = 4; lastKnownFileType = sourcecode.c.objc; path = SVIndefiniteAnimatedView.m; sourceTree = "<group>"; };
		8A516CF21A725D3A0032085A /* SVProgressHUD-Prefix.pch */ = {isa = PBXFileReference; fileEncoding = 4; lastKnownFileType = sourcecode.c.h; path = "SVProgressHUD-Prefix.pch"; sourceTree = "<group>"; };
		8A516CF31A725D3A0032085A /* SVProgressHUD.bundle */ = {isa = PBXFileReference; lastKnownFileType = "wrapper.plug-in"; path = SVProgressHUD.bundle; sourceTree = "<group>"; };
		8A516CF41A725D3A0032085A /* SVProgressHUD.h */ = {isa = PBXFileReference; fileEncoding = 4; lastKnownFileType = sourcecode.c.h; path = SVProgressHUD.h; sourceTree = "<group>"; };
		8A516CF51A725D3A0032085A /* SVProgressHUD.m */ = {isa = PBXFileReference; fileEncoding = 4; lastKnownFileType = sourcecode.c.objc; path = SVProgressHUD.m; sourceTree = "<group>"; };
		8AACABD2188F6825002B0336 /* NSString+URL.h */ = {isa = PBXFileReference; fileEncoding = 4; lastKnownFileType = sourcecode.c.h; path = "NSString+URL.h"; sourceTree = "<group>"; };
		8AACABD3188F6825002B0336 /* NSString+URL.m */ = {isa = PBXFileReference; fileEncoding = 4; lastKnownFileType = sourcecode.c.objc; path = "NSString+URL.m"; sourceTree = "<group>"; };
		8AACABD4188F6825002B0336 /* SocialAPIHelpers.h */ = {isa = PBXFileReference; fileEncoding = 4; lastKnownFileType = sourcecode.c.h; path = SocialAPIHelpers.h; sourceTree = "<group>"; };
/* End PBXFileReference section */

/* Begin PBXFrameworksBuildPhase section */
		8A372FAB18138AFF0004F854 /* Frameworks */ = {
			isa = PBXFrameworksBuildPhase;
			buildActionMask = 2147483647;
			files = (
				8A372FB418138AFF0004F854 /* CoreGraphics.framework in Frameworks */,
				8A372FB618138AFF0004F854 /* UIKit.framework in Frameworks */,
				8A372FB218138AFF0004F854 /* Foundation.framework in Frameworks */,
			);
			runOnlyForDeploymentPostprocessing = 0;
		};
		8A372FCC18138AFF0004F854 /* Frameworks */ = {
			isa = PBXFrameworksBuildPhase;
			buildActionMask = 2147483647;
			files = (
				8A372FD118138AFF0004F854 /* XCTest.framework in Frameworks */,
				8A372FD318138AFF0004F854 /* UIKit.framework in Frameworks */,
				8A372FD218138AFF0004F854 /* Foundation.framework in Frameworks */,
			);
			runOnlyForDeploymentPostprocessing = 0;
		};
/* End PBXFrameworksBuildPhase section */

/* Begin PBXGroup section */
		8A372FA518138AFF0004F854 = {
			isa = PBXGroup;
			children = (
				8A372FF31813A5850004F854 /* Vendor */,
				8A372FE618138B2D0004F854 /* SocialAPIHelpers */,
				8A372FB718138AFF0004F854 /* SocialAPIHelpersDemo */,
				8A372FD618138AFF0004F854 /* SocialAPIHelpersDemoTests */,
				8A372FB018138AFF0004F854 /* Frameworks */,
				8A372FAF18138AFF0004F854 /* Products */,
			);
			sourceTree = "<group>";
		};
		8A372FAF18138AFF0004F854 /* Products */ = {
			isa = PBXGroup;
			children = (
				8A372FAE18138AFF0004F854 /* SocialAPIHelpersDemo.app */,
				8A372FCF18138AFF0004F854 /* SocialAPIHelpersDemoTests.xctest */,
			);
			name = Products;
			sourceTree = "<group>";
		};
		8A372FB018138AFF0004F854 /* Frameworks */ = {
			isa = PBXGroup;
			children = (
				8A372FB118138AFF0004F854 /* Foundation.framework */,
				8A372FB318138AFF0004F854 /* CoreGraphics.framework */,
				8A372FB518138AFF0004F854 /* UIKit.framework */,
				8A372FD018138AFF0004F854 /* XCTest.framework */,
			);
			name = Frameworks;
			sourceTree = "<group>";
		};
		8A372FB718138AFF0004F854 /* SocialAPIHelpersDemo */ = {
			isa = PBXGroup;
			children = (
				8A372FC018138AFF0004F854 /* AppDelegate.h */,
				8A372FC118138AFF0004F854 /* AppDelegate.m */,
				8A372FC318138AFF0004F854 /* Main.storyboard */,
				8A372FC618138AFF0004F854 /* ViewController.h */,
				8A372FC718138AFF0004F854 /* ViewController.m */,
				8A372FC918138AFF0004F854 /* Images.xcassets */,
				8A372FB818138AFF0004F854 /* Supporting Files */,
			);
			path = SocialAPIHelpersDemo;
			sourceTree = "<group>";
		};
		8A372FB818138AFF0004F854 /* Supporting Files */ = {
			isa = PBXGroup;
			children = (
				8A372FB918138AFF0004F854 /* SocialAPIHelpersDemo-Info.plist */,
				8A372FBA18138AFF0004F854 /* InfoPlist.strings */,
				8A372FBD18138AFF0004F854 /* main.m */,
				8A372FBF18138AFF0004F854 /* SocialAPIHelpersDemo-Prefix.pch */,
			);
			name = "Supporting Files";
			sourceTree = "<group>";
		};
		8A372FD618138AFF0004F854 /* SocialAPIHelpersDemoTests */ = {
			isa = PBXGroup;
			children = (
				8A372FDC18138AFF0004F854 /* SocialAPIHelpersDemoTests.m */,
				8A372FD718138AFF0004F854 /* Supporting Files */,
			);
			path = SocialAPIHelpersDemoTests;
			sourceTree = "<group>";
		};
		8A372FD718138AFF0004F854 /* Supporting Files */ = {
			isa = PBXGroup;
			children = (
				8A372FD818138AFF0004F854 /* SocialAPIHelpersDemoTests-Info.plist */,
				8A372FD918138AFF0004F854 /* InfoPlist.strings */,
			);
			name = "Supporting Files";
			sourceTree = "<group>";
		};
		8A372FE618138B2D0004F854 /* SocialAPIHelpers */ = {
			isa = PBXGroup;
			children = (
				8AACABD4188F6825002B0336 /* SocialAPIHelpers.h */,
				8AACABD2188F6825002B0336 /* NSString+URL.h */,
				8AACABD3188F6825002B0336 /* NSString+URL.m */,
				8A372FE718138B2D0004F854 /* TTMFacebookAPIHelper.h */,
				8A372FE818138B2D0004F854 /* TTMFacebookAPIHelper.m */,
				8A372FE918138B2D0004F854 /* TTMTwitterAPIHelper.h */,
				8A372FEA18138B2D0004F854 /* TTMTwitterAPIHelper.m */,
				8A372FED18138B7D0004F854 /* TTMAccountHelper.h */,
				8A372FEE18138B7D0004F854 /* TTMAccountHelper.m */,
				8A372FF01813A4DD0004F854 /* TTMSocialHelper.h */,
				8A372FF11813A4DD0004F854 /* TTMSocialHelper.m */,
				8A516CEC1A7259830032085A /* SLRequest+TTMExtensions.h */,
				8A516CED1A7259830032085A /* SLRequest+TTMExtensions.m */,
			);
			name = SocialAPIHelpers;
			path = ../SocialAPIHelpers;
			sourceTree = "<group>";
		};
		8A372FF31813A5850004F854 /* Vendor */ = {
			isa = PBXGroup;
			children = (
				8A516CEF1A725D3A0032085A /* SVProgressHUD */,
			);
			path = Vendor;
			sourceTree = "<group>";
		};
		8A516CEF1A725D3A0032085A /* SVProgressHUD */ = {
			isa = PBXGroup;
			children = (
				8A516CF01A725D3A0032085A /* SVIndefiniteAnimatedView.h */,
				8A516CF11A725D3A0032085A /* SVIndefiniteAnimatedView.m */,
				8A516CF21A725D3A0032085A /* SVProgressHUD-Prefix.pch */,
				8A516CF31A725D3A0032085A /* SVProgressHUD.bundle */,
				8A516CF41A725D3A0032085A /* SVProgressHUD.h */,
				8A516CF51A725D3A0032085A /* SVProgressHUD.m */,
			);
			path = SVProgressHUD;
			sourceTree = "<group>";
		};
/* End PBXGroup section */

/* Begin PBXNativeTarget section */
		8A372FAD18138AFF0004F854 /* SocialAPIHelpersDemo */ = {
			isa = PBXNativeTarget;
			buildConfigurationList = 8A372FE018138AFF0004F854 /* Build configuration list for PBXNativeTarget "SocialAPIHelpersDemo" */;
			buildPhases = (
				8A372FAA18138AFF0004F854 /* Sources */,
				8A372FAB18138AFF0004F854 /* Frameworks */,
				8A372FAC18138AFF0004F854 /* Resources */,
			);
			buildRules = (
			);
			dependencies = (
			);
			name = SocialAPIHelpersDemo;
			productName = SocialAPIHelpersDemo;
			productReference = 8A372FAE18138AFF0004F854 /* SocialAPIHelpersDemo.app */;
			productType = "com.apple.product-type.application";
		};
		8A372FCE18138AFF0004F854 /* SocialAPIHelpersDemoTests */ = {
			isa = PBXNativeTarget;
			buildConfigurationList = 8A372FE318138AFF0004F854 /* Build configuration list for PBXNativeTarget "SocialAPIHelpersDemoTests" */;
			buildPhases = (
				8A372FCB18138AFF0004F854 /* Sources */,
				8A372FCC18138AFF0004F854 /* Frameworks */,
				8A372FCD18138AFF0004F854 /* Resources */,
			);
			buildRules = (
			);
			dependencies = (
				8A372FD518138AFF0004F854 /* PBXTargetDependency */,
			);
			name = SocialAPIHelpersDemoTests;
			productName = SocialAPIHelpersDemoTests;
			productReference = 8A372FCF18138AFF0004F854 /* SocialAPIHelpersDemoTests.xctest */;
			productType = "com.apple.product-type.bundle.unit-test";
		};
/* End PBXNativeTarget section */

/* Begin PBXProject section */
		8A372FA618138AFF0004F854 /* Project object */ = {
			isa = PBXProject;
			attributes = {
				LastUpgradeCheck = 0620;
				ORGANIZATIONNAME = "Shuichi Tsutsumi";
				TargetAttributes = {
					8A372FCE18138AFF0004F854 = {
						TestTargetID = 8A372FAD18138AFF0004F854;
					};
				};
			};
			buildConfigurationList = 8A372FA918138AFF0004F854 /* Build configuration list for PBXProject "SocialAPIHelpersDemo" */;
			compatibilityVersion = "Xcode 3.2";
			developmentRegion = English;
			hasScannedForEncodings = 0;
			knownRegions = (
				en,
				Base,
			);
			mainGroup = 8A372FA518138AFF0004F854;
			productRefGroup = 8A372FAF18138AFF0004F854 /* Products */;
			projectDirPath = "";
			projectRoot = "";
			targets = (
				8A372FAD18138AFF0004F854 /* SocialAPIHelpersDemo */,
				8A372FCE18138AFF0004F854 /* SocialAPIHelpersDemoTests */,
			);
		};
/* End PBXProject section */

/* Begin PBXResourcesBuildPhase section */
		8A372FAC18138AFF0004F854 /* Resources */ = {
			isa = PBXResourcesBuildPhase;
			buildActionMask = 2147483647;
			files = (
				8A372FCA18138AFF0004F854 /* Images.xcassets in Resources */,
				8A372FBC18138AFF0004F854 /* InfoPlist.strings in Resources */,
				8A372FC518138AFF0004F854 /* Main.storyboard in Resources */,
				8A516CF71A725D3A0032085A /* SVProgressHUD.bundle in Resources */,
			);
			runOnlyForDeploymentPostprocessing = 0;
		};
		8A372FCD18138AFF0004F854 /* Resources */ = {
			isa = PBXResourcesBuildPhase;
			buildActionMask = 2147483647;
			files = (
				8A372FDB18138AFF0004F854 /* InfoPlist.strings in Resources */,
			);
			runOnlyForDeploymentPostprocessing = 0;
		};
/* End PBXResourcesBuildPhase section */

/* Begin PBXSourcesBuildPhase section */
		8A372FAA18138AFF0004F854 /* Sources */ = {
			isa = PBXSourcesBuildPhase;
			buildActionMask = 2147483647;
			files = (
				8A372FF21813A4DD0004F854 /* TTMSocialHelper.m in Sources */,
				8A372FC818138AFF0004F854 /* ViewController.m in Sources */,
				8A372FEF18138B7D0004F854 /* TTMAccountHelper.m in Sources */,
				8A372FC218138AFF0004F854 /* AppDelegate.m in Sources */,
				8A372FEC18138B2D0004F854 /* TTMTwitterAPIHelper.m in Sources */,
				8A516CF61A725D3A0032085A /* SVIndefiniteAnimatedView.m in Sources */,
				8A372FEB18138B2D0004F854 /* TTMFacebookAPIHelper.m in Sources */,
				8AACABD5188F6825002B0336 /* NSString+URL.m in Sources */,
				8A516CEE1A7259830032085A /* SLRequest+TTMExtensions.m in Sources */,
				8A516CF81A725D3A0032085A /* SVProgressHUD.m in Sources */,
				8A372FBE18138AFF0004F854 /* main.m in Sources */,
			);
			runOnlyForDeploymentPostprocessing = 0;
		};
		8A372FCB18138AFF0004F854 /* Sources */ = {
			isa = PBXSourcesBuildPhase;
			buildActionMask = 2147483647;
			files = (
				8A372FDD18138AFF0004F854 /* SocialAPIHelpersDemoTests.m in Sources */,
			);
			runOnlyForDeploymentPostprocessing = 0;
		};
/* End PBXSourcesBuildPhase section */

/* Begin PBXTargetDependency section */
		8A372FD518138AFF0004F854 /* PBXTargetDependency */ = {
			isa = PBXTargetDependency;
			target = 8A372FAD18138AFF0004F854 /* SocialAPIHelpersDemo */;
			targetProxy = 8A372FD418138AFF0004F854 /* PBXContainerItemProxy */;
		};
/* End PBXTargetDependency section */

/* Begin PBXVariantGroup section */
		8A372FBA18138AFF0004F854 /* InfoPlist.strings */ = {
			isa = PBXVariantGroup;
			children = (
				8A372FBB18138AFF0004F854 /* en */,
			);
			name = InfoPlist.strings;
			sourceTree = "<group>";
		};
		8A372FC318138AFF0004F854 /* Main.storyboard */ = {
			isa = PBXVariantGroup;
			children = (
				8A372FC418138AFF0004F854 /* Base */,
			);
			name = Main.storyboard;
			sourceTree = "<group>";
		};
		8A372FD918138AFF0004F854 /* InfoPlist.strings */ = {
			isa = PBXVariantGroup;
			children = (
				8A372FDA18138AFF0004F854 /* en */,
			);
			name = InfoPlist.strings;
			sourceTree = "<group>";
		};
/* End PBXVariantGroup section */

/* Begin XCBuildConfiguration section */
		8A372FDE18138AFF0004F854 /* Debug */ = {
			isa = XCBuildConfiguration;
			buildSettings = {
				ALWAYS_SEARCH_USER_PATHS = NO;
				CLANG_CXX_LANGUAGE_STANDARD = "gnu++0x";
				CLANG_CXX_LIBRARY = "libc++";
				CLANG_ENABLE_MODULES = YES;
				CLANG_ENABLE_OBJC_ARC = YES;
				CLANG_WARN_BOOL_CONVERSION = YES;
				CLANG_WARN_CONSTANT_CONVERSION = YES;
				CLANG_WARN_DIRECT_OBJC_ISA_USAGE = YES_ERROR;
				CLANG_WARN_EMPTY_BODY = YES;
				CLANG_WARN_ENUM_CONVERSION = YES;
				CLANG_WARN_INT_CONVERSION = YES;
				CLANG_WARN_OBJC_ROOT_CLASS = YES_ERROR;
				CLANG_WARN__DUPLICATE_METHOD_MATCH = YES;
				"CODE_SIGN_IDENTITY[sdk=iphoneos*]" = "iPhone Developer";
				COPY_PHASE_STRIP = NO;
				GCC_C_LANGUAGE_STANDARD = gnu99;
				GCC_DYNAMIC_NO_PIC = NO;
				GCC_OPTIMIZATION_LEVEL = 0;
				GCC_PREPROCESSOR_DEFINITIONS = (
					"DEBUG=1",
					"$(inherited)",
				);
				GCC_SYMBOLS_PRIVATE_EXTERN = NO;
				GCC_WARN_64_TO_32_BIT_CONVERSION = YES;
				GCC_WARN_ABOUT_RETURN_TYPE = YES_ERROR;
				GCC_WARN_UNDECLARED_SELECTOR = YES;
				GCC_WARN_UNINITIALIZED_AUTOS = YES;
				GCC_WARN_UNUSED_FUNCTION = YES;
				GCC_WARN_UNUSED_VARIABLE = YES;
				IPHONEOS_DEPLOYMENT_TARGET = 7.1;
				ONLY_ACTIVE_ARCH = YES;
				SDKROOT = iphoneos;
			};
			name = Debug;
		};
		8A372FDF18138AFF0004F854 /* Release */ = {
			isa = XCBuildConfiguration;
			buildSettings = {
				ALWAYS_SEARCH_USER_PATHS = NO;
				CLANG_CXX_LANGUAGE_STANDARD = "gnu++0x";
				CLANG_CXX_LIBRARY = "libc++";
				CLANG_ENABLE_MODULES = YES;
				CLANG_ENABLE_OBJC_ARC = YES;
				CLANG_WARN_BOOL_CONVERSION = YES;
				CLANG_WARN_CONSTANT_CONVERSION = YES;
				CLANG_WARN_DIRECT_OBJC_ISA_USAGE = YES_ERROR;
				CLANG_WARN_EMPTY_BODY = YES;
				CLANG_WARN_ENUM_CONVERSION = YES;
				CLANG_WARN_INT_CONVERSION = YES;
				CLANG_WARN_OBJC_ROOT_CLASS = YES_ERROR;
				CLANG_WARN__DUPLICATE_METHOD_MATCH = YES;
				"CODE_SIGN_IDENTITY[sdk=iphoneos*]" = "iPhone Developer";
				COPY_PHASE_STRIP = YES;
				ENABLE_NS_ASSERTIONS = NO;
				GCC_C_LANGUAGE_STANDARD = gnu99;
				GCC_WARN_64_TO_32_BIT_CONVERSION = YES;
				GCC_WARN_ABOUT_RETURN_TYPE = YES_ERROR;
				GCC_WARN_UNDECLARED_SELECTOR = YES;
				GCC_WARN_UNINITIALIZED_AUTOS = YES;
				GCC_WARN_UNUSED_FUNCTION = YES;
				GCC_WARN_UNUSED_VARIABLE = YES;
				IPHONEOS_DEPLOYMENT_TARGET = 7.1;
				SDKROOT = iphoneos;
				VALIDATE_PRODUCT = YES;
			};
			name = Release;
		};
		8A372FE118138AFF0004F854 /* Debug */ = {
			isa = XCBuildConfiguration;
			buildSettings = {
				ASSETCATALOG_COMPILER_APPICON_NAME = AppIcon;
				ASSETCATALOG_COMPILER_LAUNCHIMAGE_NAME = LaunchImage;
				GCC_PRECOMPILE_PREFIX_HEADER = YES;
				GCC_PREFIX_HEADER = "SocialAPIHelpersDemo/SocialAPIHelpersDemo-Prefix.pch";
				INFOPLIST_FILE = "SocialAPIHelpersDemo/SocialAPIHelpersDemo-Info.plist";
				PRODUCT_NAME = "$(TARGET_NAME)";
				WRAPPER_EXTENSION = app;
			};
			name = Debug;
		};
		8A372FE218138AFF0004F854 /* Release */ = {
			isa = XCBuildConfiguration;
			buildSettings = {
				ASSETCATALOG_COMPILER_APPICON_NAME = AppIcon;
				ASSETCATALOG_COMPILER_LAUNCHIMAGE_NAME = LaunchImage;
				GCC_PRECOMPILE_PREFIX_HEADER = YES;
				GCC_PREFIX_HEADER = "SocialAPIHelpersDemo/SocialAPIHelpersDemo-Prefix.pch";
				INFOPLIST_FILE = "SocialAPIHelpersDemo/SocialAPIHelpersDemo-Info.plist";
				PRODUCT_NAME = "$(TARGET_NAME)";
				WRAPPER_EXTENSION = app;
			};
			name = Release;
		};
		8A372FE418138AFF0004F854 /* Debug */ = {
			isa = XCBuildConfiguration;
			buildSettings = {
				BUNDLE_LOADER = "$(BUILT_PRODUCTS_DIR)/SocialAPIHelpersDemo.app/SocialAPIHelpersDemo";
				FRAMEWORK_SEARCH_PATHS = (
					"$(SDKROOT)/Developer/Library/Frameworks",
					"$(inherited)",
					"$(DEVELOPER_FRAMEWORKS_DIR)",
				);
				GCC_PRECOMPILE_PREFIX_HEADER = YES;
				GCC_PREFIX_HEADER = "SocialAPIHelpersDemo/SocialAPIHelpersDemo-Prefix.pch";
				GCC_PREPROCESSOR_DEFINITIONS = (
					"DEBUG=1",
					"$(inherited)",
				);
				INFOPLIST_FILE = "SocialAPIHelpersDemoTests/SocialAPIHelpersDemoTests-Info.plist";
				PRODUCT_NAME = "$(TARGET_NAME)";
				TEST_HOST = "$(BUNDLE_LOADER)";
				WRAPPER_EXTENSION = xctest;
			};
			name = Debug;
		};
		8A372FE518138AFF0004F854 /* Release */ = {
			isa = XCBuildConfiguration;
			buildSettings = {
				BUNDLE_LOADER = "$(BUILT_PRODUCTS_DIR)/SocialAPIHelpersDemo.app/SocialAPIHelpersDemo";
				FRAMEWORK_SEARCH_PATHS = (
					"$(SDKROOT)/Developer/Library/Frameworks",
					"$(inherited)",
					"$(DEVELOPER_FRAMEWORKS_DIR)",
				);
				GCC_PRECOMPILE_PREFIX_HEADER = YES;
				GCC_PREFIX_HEADER = "SocialAPIHelpersDemo/SocialAPIHelpersDemo-Prefix.pch";
				INFOPLIST_FILE = "SocialAPIHelpersDemoTests/SocialAPIHelpersDemoTests-Info.plist";
				PRODUCT_NAME = "$(TARGET_NAME)";
				TEST_HOST = "$(BUNDLE_LOADER)";
				WRAPPER_EXTENSION = xctest;
			};
			name = Release;
		};
/* End XCBuildConfiguration section */

/* Begin XCConfigurationList section */
		8A372FA918138AFF0004F854 /* Build configuration list for PBXProject "SocialAPIHelpersDemo" */ = {
			isa = XCConfigurationList;
			buildConfigurations = (
				8A372FDE18138AFF0004F854 /* Debug */,
				8A372FDF18138AFF0004F854 /* Release */,
			);
			defaultConfigurationIsVisible = 0;
			defaultConfigurationName = Release;
		};
		8A372FE018138AFF0004F854 /* Build configuration list for PBXNativeTarget "SocialAPIHelpersDemo" */ = {
			isa = XCConfigurationList;
			buildConfigurations = (
				8A372FE118138AFF0004F854 /* Debug */,
				8A372FE218138AFF0004F854 /* Release */,
			);
			defaultConfigurationIsVisible = 0;
			defaultConfigurationName = Release;
		};
		8A372FE318138AFF0004F854 /* Build configuration list for PBXNativeTarget "SocialAPIHelpersDemoTests" */ = {
			isa = XCConfigurationList;
			buildConfigurations = (
				8A372FE418138AFF0004F854 /* Debug */,
				8A372FE518138AFF0004F854 /* Release */,
			);
			defaultConfigurationIsVisible = 0;
			defaultConfigurationName = Release;
		};
/* End XCConfigurationList section */
	};
	rootObject = 8A372FA618138AFF0004F854 /* Project object */;
}
